Microsoft Visual Studio Solution File, Format Version 12.00
# Visual Studio Version 17
VisualStudioVersion = 17.5.2.0
MinimumVisualStudioVersion = 10.0.40219.1
Project("{2150E333-8FDC-42A3-9474-1A3956D46DE8}") = "server", "server", "{DAD03CFC-D5FA-AC94-41C7-9ABAB326F09E}"
EndProject
Project("{FAE04EC0-301F-11D3-BF4B-00C04F79EFBC}") = "MiniCMMS", "server\MiniCMMS\MiniCMMS.csproj", "{01D68BF3-5CD5-0830-492F-EE996B726058}"
EndProject
Global
	GlobalSection(SolutionConfigurationPlatforms) = preSolution
		Debug|Any CPU = Debug|Any CPU
		Release|Any CPU = Release|Any CPU
	EndGlobalSection
	GlobalSection(ProjectConfigurationPlatforms) = postSolution
		{01D68BF3-5CD5-0830-492F-EE996B726058}.Debug|Any CPU.ActiveCfg = Debug|Any CPU
		{01D68BF3-5CD5-0830-492F-EE996B726058}.Debug|Any CPU.Build.0 = Debug|Any CPU
		{01D68BF3-5CD5-0830-492F-EE996B726058}.Release|Any CPU.ActiveCfg = Release|Any CPU
		{01D68BF3-5CD5-0830-492F-EE996B726058}.Release|Any CPU.Build.0 = Release|Any CPU
	EndGlobalSection
	GlobalSection(SolutionProperties) = preSolution
		HideSolutionNode = FALSE
	EndGlobalSection
	GlobalSection(NestedProjects) = preSolution
		{01D68BF3-5CD5-0830-492F-EE996B726058} = {DAD03CFC-D5FA-AC94-41C7-9ABAB326F09E}
	EndGlobalSection
	GlobalSection(ExtensibilityGlobals) = postSolution
		SolutionGuid = {DFDE2FAD-13D9-4F77-B319-49677CC78C14}
	EndGlobalSection
EndGlobal
